
Microsoft Visual Studio Solution File, Format Version 12.00
# Visual Studio Version 17
VisualStudioVersion = 17.14.36408.4 d17.14
MinimumVisualStudioVersion = 10.0.40219.1
Project("{FAE04EC0-301F-11D3-BF4B-00C04F79EFBC}") = "ViewGrid", "ViewGrid\ViewGrid.csproj", "{BDF73150-E279-46E9-BCB5-BECD6E1463F8}"
EndProject
Global
	GlobalSection(SolutionConfigurationPlatforms) = preSolution
		Debug|Any CPU = Debug|Any CPU
		Release|Any CPU = Release|Any CPU
	EndGlobalSection
	GlobalSection(ProjectConfigurationPlatforms) = postSolution
		{BDF73150-E279-46E9-BCB5-BECD6E1463F8}.Debug|Any CPU.ActiveCfg = Debug|Any CPU
		{BDF73150-E279-46E9-BCB5-BECD6E1463F8}.Debug|Any CPU.Build.0 = Debug|Any CPU
		{BDF73150-E279-46E9-BCB5-BECD6E1463F8}.Release|Any CPU.ActiveCfg = Release|Any CPU
		{BDF73150-E279-46E9-BCB5-BECD6E1463F8}.Release|Any CPU.Build.0 = Release|Any CPU
	EndGlobalSection
	GlobalSection(SolutionProperties) = preSolution
		HideSolutionNode = FALSE
	EndGlobalSection
	GlobalSection(ExtensibilityGlobals) = postSolution
		SolutionGuid = {FE71AB16-55C6-46F9-B6C1-1C528A366F89}
	EndGlobalSection
EndGlobal
